
Microsoft Visual Studio Solution File, Format Version 12.00
# Visual Studio Version 17
VisualStudioVersion = 17.9.34607.119
MinimumVisualStudioVersion = 10.0.40219.1
Project("{FAE04EC0-301F-11D3-BF4B-00C04F79EFBC}") = "po_cw3", "po_cw3.csproj", "{6B0DEB22-6443-44DB-9296-42DDABF788C1}"
EndProject
Global
	GlobalSection(SolutionConfigurationPlatforms) = preSolution
		Debug|Any CPU = Debug|Any CPU
		Release|Any CPU = Release|Any CPU
	EndGlobalSection
	GlobalSection(ProjectConfigurationPlatforms) = postSolution
		{6B0DEB22-6443-44DB-9296-42DDABF788C1}.Debug|Any CPU.ActiveCfg = Debug|Any CPU
		{6B0DEB22-6443-44DB-9296-42DDABF788C1}.Debug|Any CPU.Build.0 = Debug|Any CPU
		{6B0DEB22-6443-44DB-9296-42DDABF788C1}.Release|Any CPU.ActiveCfg = Release|Any CPU
		{6B0DEB22-6443-44DB-9296-42DDABF788C1}.Release|Any CPU.Build.0 = Release|Any CPU
	EndGlobalSection
	GlobalSection(SolutionProperties) = preSolution
		HideSolutionNode = FALSE
	EndGlobalSection
	GlobalSection(ExtensibilityGlobals) = postSolution
		SolutionGuid = {5B5E83E3-EDA8-4EEA-AF6A-FB3B3B956343}
	EndGlobalSection
EndGlobal
